
Microsoft Visual Studio Solution File, Format Version 12.00
# Visual Studio 15
VisualStudioVersion = 15.0.27130.2024
MinimumVisualStudioVersion = 10.0.40219.1
Project("{FAE04EC0-301F-11D3-BF4B-00C04F79EFBC}") = "閏年", "閏年\閏年.csproj", "{81B1EB3D-AB05-40AE-BD6C-B6D1DB0003BD}"
EndProject
Global
	GlobalSection(SolutionConfigurationPlatforms) = preSolution
		Debug|Any CPU = Debug|Any CPU
		Release|Any CPU = Release|Any CPU
	EndGlobalSection
	GlobalSection(ProjectConfigurationPlatforms) = postSolution
		{81B1EB3D-AB05-40AE-BD6C-B6D1DB0003BD}.Debug|Any CPU.ActiveCfg = Debug|Any CPU
		{81B1EB3D-AB05-40AE-BD6C-B6D1DB0003BD}.Debug|Any CPU.Build.0 = Debug|Any CPU
		{81B1EB3D-AB05-40AE-BD6C-B6D1DB0003BD}.Release|Any CPU.ActiveCfg = Release|Any CPU
		{81B1EB3D-AB05-40AE-BD6C-B6D1DB0003BD}.Release|Any CPU.Build.0 = Release|Any CPU
	EndGlobalSection
	GlobalSection(SolutionProperties) = preSolution
		HideSolutionNode = FALSE
	EndGlobalSection
	GlobalSection(ExtensibilityGlobals) = postSolution
		SolutionGuid = {F6E6351D-D199-4CCC-B646-FE4D5CB3FDEC}
	EndGlobalSection
EndGlobal
