
Microsoft Visual Studio Solution File, Format Version 12.00
# Visual Studio 15
VisualStudioVersion = 15.0.27130.2024
MinimumVisualStudioVersion = 10.0.40219.1
Project("{FAE04EC0-301F-11D3-BF4B-00C04F79EFBC}") = "WriteAllLineSample", "WriteAllLineSample\WriteAllLineSample.csproj", "{983BC2DA-E6F7-4004-B576-2DEB62ECD875}"
EndProject
Project("{FAE04EC0-301F-11D3-BF4B-00C04F79EFBC}") = "ReadAllLineSample", "ReadAllLineSample\ReadAllLineSample.csproj", "{9B428B30-0BC2-4BD0-88D3-85A5DE5A0A17}"
EndProject
Project("{FAE04EC0-301F-11D3-BF4B-00C04F79EFBC}") = "DataGridView", "DataGridView\DataGridView.csproj", "{F8DE31B5-2437-4E80-86B3-DD5FC94A52C0}"
EndProject
Global
	GlobalSection(SolutionConfigurationPlatforms) = preSolution
		Debug|Any CPU = Debug|Any CPU
		Release|Any CPU = Release|Any CPU
	EndGlobalSection
	GlobalSection(ProjectConfigurationPlatforms) = postSolution
		{983BC2DA-E6F7-4004-B576-2DEB62ECD875}.Debug|Any CPU.ActiveCfg = Debug|Any CPU
		{983BC2DA-E6F7-4004-B576-2DEB62ECD875}.Debug|Any CPU.Build.0 = Debug|Any CPU
		{983BC2DA-E6F7-4004-B576-2DEB62ECD875}.Release|Any CPU.ActiveCfg = Release|Any CPU
		{983BC2DA-E6F7-4004-B576-2DEB62ECD875}.Release|Any CPU.Build.0 = Release|Any CPU
		{9B428B30-0BC2-4BD0-88D3-85A5DE5A0A17}.Debug|Any CPU.ActiveCfg = Debug|Any CPU
		{9B428B30-0BC2-4BD0-88D3-85A5DE5A0A17}.Debug|Any CPU.Build.0 = Debug|Any CPU
		{9B428B30-0BC2-4BD0-88D3-85A5DE5A0A17}.Release|Any CPU.ActiveCfg = Release|Any CPU
		{9B428B30-0BC2-4BD0-88D3-85A5DE5A0A17}.Release|Any CPU.Build.0 = Release|Any CPU
		{F8DE31B5-2437-4E80-86B3-DD5FC94A52C0}.Debug|Any CPU.ActiveCfg = Debug|Any CPU
		{F8DE31B5-2437-4E80-86B3-DD5FC94A52C0}.Debug|Any CPU.Build.0 = Debug|Any CPU
		{F8DE31B5-2437-4E80-86B3-DD5FC94A52C0}.Release|Any CPU.ActiveCfg = Release|Any CPU
		{F8DE31B5-2437-4E80-86B3-DD5FC94A52C0}.Release|Any CPU.Build.0 = Release|Any CPU
	EndGlobalSection
	GlobalSection(SolutionProperties) = preSolution
		HideSolutionNode = FALSE
	EndGlobalSection
	GlobalSection(ExtensibilityGlobals) = postSolution
		SolutionGuid = {DC314EDF-9EC1-487E-8EB9-2760B0780A04}
	EndGlobalSection
EndGlobal
