
Microsoft Visual Studio Solution File, Format Version 12.00
# Visual Studio 15
VisualStudioVersion = 15.0.27130.2024
MinimumVisualStudioVersion = 10.0.40219.1
Project("{FAE04EC0-301F-11D3-BF4B-00C04F79EFBC}") = "銷售業績", "銷售業績\銷售業績.csproj", "{1E1B49A1-D9DF-4B1E-9DE7-95CBBB89E3DF}"
EndProject
Global
	GlobalSection(SolutionConfigurationPlatforms) = preSolution
		Debug|Any CPU = Debug|Any CPU
		Release|Any CPU = Release|Any CPU
	EndGlobalSection
	GlobalSection(ProjectConfigurationPlatforms) = postSolution
		{1E1B49A1-D9DF-4B1E-9DE7-95CBBB89E3DF}.Debug|Any CPU.ActiveCfg = Debug|Any CPU
		{1E1B49A1-D9DF-4B1E-9DE7-95CBBB89E3DF}.Debug|Any CPU.Build.0 = Debug|Any CPU
		{1E1B49A1-D9DF-4B1E-9DE7-95CBBB89E3DF}.Release|Any CPU.ActiveCfg = Release|Any CPU
		{1E1B49A1-D9DF-4B1E-9DE7-95CBBB89E3DF}.Release|Any CPU.Build.0 = Release|Any CPU
	EndGlobalSection
	GlobalSection(SolutionProperties) = preSolution
		HideSolutionNode = FALSE
	EndGlobalSection
	GlobalSection(ExtensibilityGlobals) = postSolution
		SolutionGuid = {12803FDE-F0B5-4E9A-B09D-8287FDF24A43}
	EndGlobalSection
EndGlobal
