
Microsoft Visual Studio Solution File, Format Version 12.00
# Visual Studio 15
VisualStudioVersion = 15.0.27130.2024
MinimumVisualStudioVersion = 10.0.40219.1
Project("{FAE04EC0-301F-11D3-BF4B-00C04F79EFBC}") = "建構式", "建構式\建構式.csproj", "{4C02022B-AAF8-4E0C-A4B0-DCC0B1972B6B}"
EndProject
Global
	GlobalSection(SolutionConfigurationPlatforms) = preSolution
		Debug|Any CPU = Debug|Any CPU
		Release|Any CPU = Release|Any CPU
	EndGlobalSection
	GlobalSection(ProjectConfigurationPlatforms) = postSolution
		{4C02022B-AAF8-4E0C-A4B0-DCC0B1972B6B}.Debug|Any CPU.ActiveCfg = Debug|Any CPU
		{4C02022B-AAF8-4E0C-A4B0-DCC0B1972B6B}.Debug|Any CPU.Build.0 = Debug|Any CPU
		{4C02022B-AAF8-4E0C-A4B0-DCC0B1972B6B}.Release|Any CPU.ActiveCfg = Release|Any CPU
		{4C02022B-AAF8-4E0C-A4B0-DCC0B1972B6B}.Release|Any CPU.Build.0 = Release|Any CPU
	EndGlobalSection
	GlobalSection(SolutionProperties) = preSolution
		HideSolutionNode = FALSE
	EndGlobalSection
	GlobalSection(ExtensibilityGlobals) = postSolution
		SolutionGuid = {F0FF16E3-F793-4165-810C-68E60E3BEFE8}
	EndGlobalSection
EndGlobal
