
Microsoft Visual Studio Solution File, Format Version 12.00
# Visual Studio 15
VisualStudioVersion = 15.0.27130.2024
MinimumVisualStudioVersion = 10.0.40219.1
Project("{FAE04EC0-301F-11D3-BF4B-00C04F79EFBC}") = "生命靈數", "生命靈數\生命靈數.csproj", "{86DF4206-5B4E-42E1-B06F-6A4359D2560E}"
EndProject
Global
	GlobalSection(SolutionConfigurationPlatforms) = preSolution
		Debug|Any CPU = Debug|Any CPU
		Release|Any CPU = Release|Any CPU
	EndGlobalSection
	GlobalSection(ProjectConfigurationPlatforms) = postSolution
		{86DF4206-5B4E-42E1-B06F-6A4359D2560E}.Debug|Any CPU.ActiveCfg = Debug|Any CPU
		{86DF4206-5B4E-42E1-B06F-6A4359D2560E}.Debug|Any CPU.Build.0 = Debug|Any CPU
		{86DF4206-5B4E-42E1-B06F-6A4359D2560E}.Release|Any CPU.ActiveCfg = Release|Any CPU
		{86DF4206-5B4E-42E1-B06F-6A4359D2560E}.Release|Any CPU.Build.0 = Release|Any CPU
	EndGlobalSection
	GlobalSection(SolutionProperties) = preSolution
		HideSolutionNode = FALSE
	EndGlobalSection
	GlobalSection(ExtensibilityGlobals) = postSolution
		SolutionGuid = {5574717E-61C3-4D44-8BB0-F27486BD14A0}
	EndGlobalSection
EndGlobal
