
Microsoft Visual Studio Solution File, Format Version 12.00
# Visual Studio 15
VisualStudioVersion = 15.0.27130.2024
MinimumVisualStudioVersion = 10.0.40219.1
Project("{FAE04EC0-301F-11D3-BF4B-00C04F79EFBC}") = "attribute", "attribute\attribute.csproj", "{4278B662-5B05-4CBC-B735-F323D046153F}"
EndProject
Global
	GlobalSection(SolutionConfigurationPlatforms) = preSolution
		Debug|Any CPU = Debug|Any CPU
		Release|Any CPU = Release|Any CPU
	EndGlobalSection
	GlobalSection(ProjectConfigurationPlatforms) = postSolution
		{4278B662-5B05-4CBC-B735-F323D046153F}.Debug|Any CPU.ActiveCfg = Debug|Any CPU
		{4278B662-5B05-4CBC-B735-F323D046153F}.Debug|Any CPU.Build.0 = Debug|Any CPU
		{4278B662-5B05-4CBC-B735-F323D046153F}.Release|Any CPU.ActiveCfg = Release|Any CPU
		{4278B662-5B05-4CBC-B735-F323D046153F}.Release|Any CPU.Build.0 = Release|Any CPU
	EndGlobalSection
	GlobalSection(SolutionProperties) = preSolution
		HideSolutionNode = FALSE
	EndGlobalSection
	GlobalSection(ExtensibilityGlobals) = postSolution
		SolutionGuid = {4E1C3F78-37A5-4BD4-935A-EB5E53447D31}
	EndGlobalSection
EndGlobal
