
Microsoft Visual Studio Solution File, Format Version 12.00
# Visual Studio 15
VisualStudioVersion = 15.0.27428.1
MinimumVisualStudioVersion = 10.0.40219.1
Project("{FAE04EC0-301F-11D3-BF4B-00C04F79EFBC}") = "十二生肖", "十二生肖\十二生肖.csproj", "{905A389B-8B86-48C2-AC84-73EE3647759A}"
EndProject
Global
	GlobalSection(SolutionConfigurationPlatforms) = preSolution
		Debug|Any CPU = Debug|Any CPU
		Release|Any CPU = Release|Any CPU
	EndGlobalSection
	GlobalSection(ProjectConfigurationPlatforms) = postSolution
		{905A389B-8B86-48C2-AC84-73EE3647759A}.Debug|Any CPU.ActiveCfg = Debug|Any CPU
		{905A389B-8B86-48C2-AC84-73EE3647759A}.Debug|Any CPU.Build.0 = Debug|Any CPU
		{905A389B-8B86-48C2-AC84-73EE3647759A}.Release|Any CPU.ActiveCfg = Release|Any CPU
		{905A389B-8B86-48C2-AC84-73EE3647759A}.Release|Any CPU.Build.0 = Release|Any CPU
	EndGlobalSection
	GlobalSection(SolutionProperties) = preSolution
		HideSolutionNode = FALSE
	EndGlobalSection
	GlobalSection(ExtensibilityGlobals) = postSolution
		SolutionGuid = {D877FAA7-22EA-4C6C-8B8A-DF7CE48A5ECC}
	EndGlobalSection
EndGlobal
