
Microsoft Visual Studio Solution File, Format Version 12.00
# Visual Studio 15
VisualStudioVersion = 15.0.27130.2024
MinimumVisualStudioVersion = 10.0.40219.1
Project("{FAE04EC0-301F-11D3-BF4B-00C04F79EFBC}") = "字串轉換", "字串轉換\字串轉換.csproj", "{436E0561-7DF7-48FC-82FF-D1B00CB8A5D0}"
EndProject
Global
	GlobalSection(SolutionConfigurationPlatforms) = preSolution
		Debug|Any CPU = Debug|Any CPU
		Release|Any CPU = Release|Any CPU
	EndGlobalSection
	GlobalSection(ProjectConfigurationPlatforms) = postSolution
		{436E0561-7DF7-48FC-82FF-D1B00CB8A5D0}.Debug|Any CPU.ActiveCfg = Debug|Any CPU
		{436E0561-7DF7-48FC-82FF-D1B00CB8A5D0}.Debug|Any CPU.Build.0 = Debug|Any CPU
		{436E0561-7DF7-48FC-82FF-D1B00CB8A5D0}.Release|Any CPU.ActiveCfg = Release|Any CPU
		{436E0561-7DF7-48FC-82FF-D1B00CB8A5D0}.Release|Any CPU.Build.0 = Release|Any CPU
	EndGlobalSection
	GlobalSection(SolutionProperties) = preSolution
		HideSolutionNode = FALSE
	EndGlobalSection
	GlobalSection(ExtensibilityGlobals) = postSolution
		SolutionGuid = {1F234FAF-1DE2-4819-98CC-41896C82D8A8}
	EndGlobalSection
EndGlobal
